<Solution>
  <Folder Name="/src/">
    <Project Path="src/StockFlow.API/StockFlow.API.csproj" />
    <Project Path="src/StockFlow.Application/StockFlow.Application.csproj" />
    <Project Path="src/StockFlow.Domain/StockFlow.Domain.csproj" />
    <Project Path="src/StockFlow.Infrastructure/StockFlow.Infrastructure.csproj" />
  </Folder>
  <Folder Name="/tests/">
    <Project Path="tests/StockFlow.Tests/StockFlow.Tests.csproj" />
  </Folder>
</Solution>
